
Microsoft Visual Studio Solution File, Format Version 12.00
Project("{FAE04EC0-301F-11D3-BF4B-00C04F79EFBC}") = "MapsterIssue.Test", "MapsterIssue.Test\MapsterIssue.Test.csproj", "{10751DE0-8473-4821-9BB8-4F08704E7358}"
EndProject
Global
	GlobalSection(SolutionConfigurationPlatforms) = preSolution
		Debug|Any CPU = Debug|Any CPU
		Release|Any CPU = Release|Any CPU
	EndGlobalSection
	GlobalSection(ProjectConfigurationPlatforms) = postSolution
		{10751DE0-8473-4821-9BB8-4F08704E7358}.Debug|Any CPU.ActiveCfg = Debug|Any CPU
		{10751DE0-8473-4821-9BB8-4F08704E7358}.Debug|Any CPU.Build.0 = Debug|Any CPU
		{10751DE0-8473-4821-9BB8-4F08704E7358}.Release|Any CPU.ActiveCfg = Release|Any CPU
		{10751DE0-8473-4821-9BB8-4F08704E7358}.Release|Any CPU.Build.0 = Release|Any CPU
	EndGlobalSection
EndGlobal
